PODS:
  - ARASCIISwizzle (1.0.0)
  - Expecta (0.2.4)
  - EXPMatchers+FBSnapshotTest (HEAD based on 1.0):
    - Expecta
    - FBSnapshotTestCase
  - FBSnapshotTestCase (HEAD based on 1.1)
  - FLKAutoLayout (0.1.1)
  - ORStackView (1.0.0):
    - FLKAutoLayout (~> 0.1)
  - Specta (0.2.1)

DEPENDENCIES:
  - ARASCIISwizzle (from `../ARASCIISwizzle.podspec`)
  - Expecta (~> 0.2.3)
  - EXPMatchers+FBSnapshotTest (HEAD)
  - FBSnapshotTestCase (HEAD)
  - FLKAutoLayout (~> 0.1.1)
  - ORStackView (~> 1.0.0)
  - Specta (~> 0.2.1)

EXTERNAL SOURCES:
  ARASCIISwizzle:
    :path: ../ARASCIISwizzle.podspec

SPEC CHECKSUMS:
  ARASCIISwizzle: 7e1cb2a41f048f176cf742127a706bbd2f5aebfa
  Expecta: 5c147dedfea5fbcf773995f7e65020abcc936ce5
  EXPMatchers+FBSnapshotTest: 1b9506577e494191565ff51ffd5b1e76339d727b
  FBSnapshotTestCase: 188c80bfcb72e744eb0b99d45989d12687c40cf8
  FLKAutoLayout: fc04b932009174d4118ef4bda9dc8fedf1369efc
  ORStackView: cc07cf699cef5f1eb0dd259150283a242f34cc8a
  Specta: 2d06220591110c6d9757d8be8ecf8e63aa40dc2a

COCOAPODS: 0.29.0
